<Solution>
  <Project Path="src/lattice/Orleans.Lattice.csproj" />
  <Project Path="src/lattice.api.abstractions/Orleans.Lattice.Api.Abstractions.csproj" />
  <Project Path="src/lattice.api.state/Orleans.Lattice.Api.State.csproj" />
  <Project Path="src/lattice.api.state.grpc/Orleans.Lattice.Api.State.Grpc.csproj" />
  <Project Path="src/lattice.api.data/Orleans.Lattice.Api.Data.csproj" />
  <Project Path="src/lattice.api.data.grpc/Orleans.Lattice.Api.Data.Grpc.csproj" />
  <Project Path="src/lattice.api.auth/Orleans.Lattice.Api.Auth.csproj" />
  <Project Path="src/lattice.api.auth.grpc/Orleans.Lattice.Api.Auth.Grpc.csproj" />
  <Project Path="src/lattice.api.backup/Orleans.Lattice.Api.Backup.csproj" />
  <Project Path="src/lattice.api.backup.grpc/Orleans.Lattice.Api.Backup.Grpc.csproj" />
  <Project Path="src/lattice.api.replication/Orleans.Lattice.Api.Replication.csproj" />
  <Project Path="src/lattice.api.replication.grpc/Orleans.Lattice.Api.Replication.Grpc.csproj" />
  <Project Path="src/lattice.api.schema/Orleans.Lattice.Api.Schema.csproj" />
  <Project Path="src/lattice.api.schema.grpc/Orleans.Lattice.Api.Schema.Grpc.csproj" />
  <Project Path="src/lattice.api.treeadmin/Orleans.Lattice.Api.TreeAdmin.csproj" />
  <Project Path="src/lattice.api.treeadmin.grpc/Orleans.Lattice.Api.TreeAdmin.Grpc.csproj" />
  <Project Path="src/lattice.api.mcp/Orleans.Lattice.Api.Mcp.csproj" />
  <Project Path="src/lattice.api.mcp.telemetry/Orleans.Lattice.Api.Mcp.Telemetry.csproj" />
  <Project Path="src/lattice.api.mcp.telemetry.azure/Orleans.Lattice.Api.Mcp.Telemetry.Azure.csproj" />
  <Project Path="src/lattice.api.mcp.repocontext/Orleans.Lattice.Api.Mcp.RepoContext.csproj" />
  <Project Path="src/lattice.api.mcp.repocontext.replication/Orleans.Lattice.Api.Mcp.RepoContext.Replication.csproj" />
  <Project Path="src/lattice.membership/Orleans.Lattice.Membership.csproj" />
  <Project Path="src/lattice.membership.entra/Orleans.Lattice.Membership.Entra.csproj" />
  <Project Path="src/lattice.membership.entra.graph/Orleans.Lattice.Membership.Entra.Graph.csproj" />
  <Project Path="src/lattice.auth/Orleans.Lattice.Auth.csproj" />
  <Project Path="src/lattice.schema/Orleans.Lattice.Schema.csproj" />
  <Project Path="src/lattice.backup/Orleans.Lattice.Backup.csproj" />
  <Project Path="src/lattice.dashboards/Orleans.Lattice.Dashboards.csproj" />
  <Project Path="src/lattice.replication/Orleans.Lattice.Replication.csproj" />
  <Project Path="src/lattice.replication.grpc/Orleans.Lattice.Replication.Grpc.csproj" />
  <Project Path="src/lattice.scaling/Orleans.Lattice.Scaling.csproj" />
  <Project Path="src/lattice.storage.azuretable/Orleans.Lattice.Storage.AzureTable.csproj" />
  <Project Path="src/lattice.storage.file/Orleans.Lattice.Storage.File.csproj" />
  <Project Path="src/lattice.backup.azureblob/Orleans.Lattice.Backup.AzureBlob.csproj" />
  <Project Path="src/lattice.explorer/Core/Orleans.Lattice.Explorer.Core.csproj" />
  <Project Path="src/lattice.explorer/Backup/Orleans.Lattice.Explorer.Backup.csproj" />
  <Project Path="src/lattice.explorer/Access/Orleans.Lattice.Explorer.Access.csproj" />
  <Project Path="src/lattice.explorer/Schema/Orleans.Lattice.Explorer.Schema.csproj" />
  <Project Path="src/lattice.explorer.entra/Orleans.Lattice.Explorer.Entra.csproj" />
  <Project Path="src/lattice.explorer.entra.web/Orleans.Lattice.Explorer.Entra.Web.csproj" />
  <Project Path="src/lattice.caching.azureblob/Orleans.Lattice.Caching.AzureBlob.csproj" />
  <Project Path="src/lattice.explorer/UI/Orleans.Lattice.Explorer.UI.csproj" />
  <Project Path="src/lattice.explorer/WebHosting/Orleans.Lattice.Explorer.Web.csproj" />
  <Project Path="src/lattice.explorer/Web/Orleans.Lattice.Explorer.WebHost.csproj" />
  <Project Path="apps/repocontext/Orleans.Lattice.Api.Mcp.RepoContext.Host.csproj" />
  <Project Path="benchmark/host/Bench.Microbench/Orleans.Lattice.Benchmark.Microbench.csproj" />
  <Project Path="test/shared/Orleans.Lattice.Testing/Orleans.Lattice.Testing.csproj" />
  <Project Path="test/lattice/Orleans.Lattice.Tests.csproj" />
  <Project Path="test/lattice.api.abstractions/Orleans.Lattice.Api.Abstractions.Tests.csproj" />
  <Project Path="test/lattice.api.state/Orleans.Lattice.Api.State.Tests.csproj" />
  <Project Path="test/lattice.api.state.grpc/Orleans.Lattice.Api.State.Grpc.Tests.csproj" />
  <Project Path="test/lattice.api.data/Orleans.Lattice.Api.Data.Tests.csproj" />
  <Project Path="test/lattice.api.data.grpc/Orleans.Lattice.Api.Data.Grpc.Tests.csproj" />
  <Project Path="test/lattice.api.auth/Orleans.Lattice.Api.Auth.Tests.csproj" />
  <Project Path="test/lattice.api.auth.grpc/Orleans.Lattice.Api.Auth.Grpc.Tests.csproj" />
  <Project Path="test/lattice.api.backup/Orleans.Lattice.Api.Backup.Tests.csproj" />
  <Project Path="test/lattice.api.backup.grpc/Orleans.Lattice.Api.Backup.Grpc.Tests.csproj" />
  <Project Path="test/lattice.api.replication/Orleans.Lattice.Api.Replication.Tests.csproj" />
  <Project Path="test/lattice.api.replication.grpc/Orleans.Lattice.Api.Replication.Grpc.Tests.csproj" />
  <Project Path="test/lattice.api.schema/Orleans.Lattice.Api.Schema.Tests.csproj" />
  <Project Path="test/lattice.api.schema.grpc/Orleans.Lattice.Api.Schema.Grpc.Tests.csproj" />
  <Project Path="test/lattice.api.treeadmin/Orleans.Lattice.Api.TreeAdmin.Tests.csproj" />
  <Project Path="test/lattice.api.treeadmin.grpc/Orleans.Lattice.Api.TreeAdmin.Grpc.Tests.csproj" />
  <Project Path="test/lattice.api.mcp/Orleans.Lattice.Api.Mcp.Tests.csproj" />
  <Project Path="test/lattice.api.mcp.telemetry/Orleans.Lattice.Api.Mcp.Telemetry.Tests.csproj" />
  <Project Path="test/lattice.api.mcp.telemetry.azure/Orleans.Lattice.Api.Mcp.Telemetry.Azure.Tests.csproj" />
  <Project Path="test/lattice.api.mcp.repocontext/Orleans.Lattice.Api.Mcp.RepoContext.Tests.csproj" />
  <Project Path="test/lattice.api.mcp.repocontext.replication/Orleans.Lattice.Api.Mcp.RepoContext.Replication.Tests.csproj" />
  <Project Path="test/lattice.membership/Orleans.Lattice.Membership.Tests.csproj" />
  <Project Path="test/lattice.membership.entra/Orleans.Lattice.Membership.Entra.Tests.csproj" />
  <Project Path="test/lattice.membership.entra.graph/Orleans.Lattice.Membership.Entra.Graph.Tests.csproj" />
  <Project Path="test/lattice.auth/Orleans.Lattice.Auth.Tests.csproj" />
  <Project Path="test/lattice.schema/Orleans.Lattice.Schema.Tests.csproj" />
  <Project Path="test/lattice.backup/Orleans.Lattice.Backup.Tests.csproj" />
  <Project Path="test/lattice.dashboards/Orleans.Lattice.Dashboards.Tests.csproj" />
  <Project Path="test/lattice.replication/Orleans.Lattice.Replication.Tests.csproj" />
  <Project Path="test/lattice.replication.grpc/Orleans.Lattice.Replication.Grpc.Tests.csproj" />
  <Project Path="test/lattice.scaling/Orleans.Lattice.Scaling.Tests.csproj" />
  <Project Path="test/lattice.storage.azuretable/Orleans.Lattice.Storage.AzureTable.Tests.csproj" />
  <Project Path="test/lattice.integration/Orleans.Lattice.Integration.Tests.csproj" />
  <Project Path="test/lattice.storage.file/Orleans.Lattice.Storage.File.Tests.csproj" />
  <Project Path="test/lattice.backup.azureblob/Orleans.Lattice.Backup.AzureBlob.Tests.csproj" />
  <Project Path="test/lattice.explorer/Orleans.Lattice.Explorer.Tests.csproj" />
  <Project Path="test/lattice.explorer.entra/Orleans.Lattice.Explorer.Entra.Tests.csproj" />
  <Project Path="test/lattice.explorer.entra.web/Orleans.Lattice.Explorer.Entra.Web.Tests.csproj" />
  <Project Path="test/lattice.caching.azureblob/Orleans.Lattice.Caching.AzureBlob.Tests.csproj" />
  <Project Path="test/microbench/Orleans.Lattice.Benchmark.Microbench.Tests.csproj" />
</Solution>
