<Solution>
  <Project Path="Core/Orleans.Lattice.Explorer.Core.csproj" />
  <Project Path="DesignSystem/Orleans.Lattice.Explorer.DesignSystem.csproj" />
  <Project Path="Plugins/Abstractions/Orleans.Lattice.Explorer.Plugins.Abstractions.csproj" />
  <Project Path="Plugins/Selection/Orleans.Lattice.Explorer.Plugins.Selection.csproj" />
  <Project Path="Plugins/Metrics/Orleans.Lattice.Explorer.Plugins.Metrics.csproj" />
  <Project Path="Plugins/Topology/Orleans.Lattice.Explorer.Plugins.Topology.csproj" />
  <Project Path="Plugins/Data/Orleans.Lattice.Explorer.Plugins.Data.csproj" />
  <Project Path="Plugins/History/Orleans.Lattice.Explorer.Plugins.History.csproj" />
  <Project Path="Plugins/DeadLetter/Orleans.Lattice.Explorer.Plugins.DeadLetter.csproj" />
  <Project Path="Plugins/TagIndex/Orleans.Lattice.Explorer.Plugins.TagIndex.csproj" />
  <Project Path="Plugins/Backups/Orleans.Lattice.Explorer.Backup.csproj" />
  <Project Path="Plugins/Access/Orleans.Lattice.Explorer.Access.csproj" />
  <Project Path="Plugins/Schema/Orleans.Lattice.Explorer.Schema.csproj" />
  <Project Path="Plugins/MyTenant/Orleans.Lattice.Explorer.MyTenant.csproj" />
  <Project Path="UI/Orleans.Lattice.Explorer.UI.csproj" />
  <Project Path="WebHosting/Orleans.Lattice.Explorer.Web.csproj" />
  <Project Path="Web/Orleans.Lattice.Explorer.WebHost.csproj" />
  <Project Path="Maui/Orleans.Lattice.Explorer.csproj" />
  <Project Path="../../test/lattice.explorer/Orleans.Lattice.Explorer.Tests.csproj" />
</Solution>
